
Microsoft Visual Studio Solution File, Format Version 12.00
# Visual Studio 15
VisualStudioVersion = 15.0.26124.0
MinimumVisualStudioVersion = 15.0.26124.0
Project("{2150E333-8FDC-42A3-9474-1A3956D46DE8}") = "src", "src", "{5CED3938-6A8D-4EA7-A531-9B346120CDE0}"
EndProject
Project("{FAE04EC0-301F-11D3-BF4B-00C04F79EFBC}") = "BlazorDialogService", "src\BlazorDialogService\BlazorDialogService.csproj", "{D36D4F51-C553-4ACA-9F8A-907035D4FBD2}"
EndProject
Project("{2150E333-8FDC-42A3-9474-1A3956D46DE8}") = "samples", "samples", "{E302D4BE-7357-431E-BEC5-47D1469A067D}"
EndProject
Project("{FAE04EC0-301F-11D3-BF4B-00C04F79EFBC}") = "BlazorServerSample", "samples\BlazorServerSample\BlazorServerSample.csproj", "{20B5864A-9F69-49C3-AAC2-95DE4D93833C}"
EndProject
Global
	GlobalSection(SolutionConfigurationPlatforms) = preSolution
		Debug|Any CPU = Debug|Any CPU
		Debug|x64 = Debug|x64
		Debug|x86 = Debug|x86
		Release|Any CPU = Release|Any CPU
		Release|x64 = Release|x64
		Release|x86 = Release|x86
	EndGlobalSection
	GlobalSection(SolutionProperties) = preSolution
		HideSolutionNode = FALSE
	EndGlobalSection
	GlobalSection(ProjectConfigurationPlatforms) = postSolution
		{D36D4F51-C553-4ACA-9F8A-907035D4FBD2}.Debug|Any CPU.ActiveCfg = Debug|Any CPU
		{D36D4F51-C553-4ACA-9F8A-907035D4FBD2}.Debug|Any CPU.Build.0 = Debug|Any CPU
		{D36D4F51-C553-4ACA-9F8A-907035D4FBD2}.Debug|x64.ActiveCfg = Debug|Any CPU
		{D36D4F51-C553-4ACA-9F8A-907035D4FBD2}.Debug|x64.Build.0 = Debug|Any CPU
		{D36D4F51-C553-4ACA-9F8A-907035D4FBD2}.Debug|x86.ActiveCfg = Debug|Any CPU
		{D36D4F51-C553-4ACA-9F8A-907035D4FBD2}.Debug|x86.Build.0 = Debug|Any CPU
		{D36D4F51-C553-4ACA-9F8A-907035D4FBD2}.Release|Any CPU.ActiveCfg = Release|Any CPU
		{D36D4F51-C553-4ACA-9F8A-907035D4FBD2}.Release|Any CPU.Build.0 = Release|Any CPU
		{D36D4F51-C553-4ACA-9F8A-907035D4FBD2}.Release|x64.ActiveCfg = Release|Any CPU
		{D36D4F51-C553-4ACA-9F8A-907035D4FBD2}.Release|x64.Build.0 = Release|Any CPU
		{D36D4F51-C553-4ACA-9F8A-907035D4FBD2}.Release|x86.ActiveCfg = Release|Any CPU
		{D36D4F51-C553-4ACA-9F8A-907035D4FBD2}.Release|x86.Build.0 = Release|Any CPU
		{20B5864A-9F69-49C3-AAC2-95DE4D93833C}.Debug|Any CPU.ActiveCfg = Debug|Any CPU
		{20B5864A-9F69-49C3-AAC2-95DE4D93833C}.Debug|Any CPU.Build.0 = Debug|Any CPU
		{20B5864A-9F69-49C3-AAC2-95DE4D93833C}.Debug|x64.ActiveCfg = Debug|Any CPU
		{20B5864A-9F69-49C3-AAC2-95DE4D93833C}.Debug|x64.Build.0 = Debug|Any CPU
		{20B5864A-9F69-49C3-AAC2-95DE4D93833C}.Debug|x86.ActiveCfg = Debug|Any CPU
		{20B5864A-9F69-49C3-AAC2-95DE4D93833C}.Debug|x86.Build.0 = Debug|Any CPU
		{20B5864A-9F69-49C3-AAC2-95DE4D93833C}.Release|Any CPU.ActiveCfg = Release|Any CPU
		{20B5864A-9F69-49C3-AAC2-95DE4D93833C}.Release|Any CPU.Build.0 = Release|Any CPU
		{20B5864A-9F69-49C3-AAC2-95DE4D93833C}.Release|x64.ActiveCfg = Release|Any CPU
		{20B5864A-9F69-49C3-AAC2-95DE4D93833C}.Release|x64.Build.0 = Release|Any CPU
		{20B5864A-9F69-49C3-AAC2-95DE4D93833C}.Release|x86.ActiveCfg = Release|Any CPU
		{20B5864A-9F69-49C3-AAC2-95DE4D93833C}.Release|x86.Build.0 = Release|Any CPU
	EndGlobalSection
	GlobalSection(NestedProjects) = preSolution
		{D36D4F51-C553-4ACA-9F8A-907035D4FBD2} = {5CED3938-6A8D-4EA7-A531-9B346120CDE0}
		{20B5864A-9F69-49C3-AAC2-95DE4D93833C} = {E302D4BE-7357-431E-BEC5-47D1469A067D}
	EndGlobalSection
EndGlobal
